
Microsoft Visual Studio Solution File, Format Version 12.00
# Visual Studio Version 17
VisualStudioVersion = 17.4.33205.214
MinimumVisualStudioVersion = 10.0.40219.1
Project("{FAE04EC0-301F-11D3-BF4B-00C04F79EFBC}") = "AutoServis", "AutoServis\AutoServis.csproj", "{A9A89727-A045-4269-835A-EA39D91DC8CA}"
EndProject
Global
	GlobalSection(SolutionConfigurationPlatforms) = preSolution
		Debug|Any CPU = Debug|Any CPU
		Release|Any CPU = Release|Any CPU
	EndGlobalSection
	GlobalSection(ProjectConfigurationPlatforms) = postSolution
		{A9A89727-A045-4269-835A-EA39D91DC8CA}.Debug|Any CPU.ActiveCfg = Debug|Any CPU
		{A9A89727-A045-4269-835A-EA39D91DC8CA}.Debug|Any CPU.Build.0 = Debug|Any CPU
		{A9A89727-A045-4269-835A-EA39D91DC8CA}.Release|Any CPU.ActiveCfg = Release|Any CPU
		{A9A89727-A045-4269-835A-EA39D91DC8CA}.Release|Any CPU.Build.0 = Release|Any CPU
	EndGlobalSection
	GlobalSection(SolutionProperties) = preSolution
		HideSolutionNode = FALSE
	EndGlobalSection
	GlobalSection(ExtensibilityGlobals) = postSolution
		SolutionGuid = {54BCA20C-6486-4A67-94A8-DDDB2E9FA204}
	EndGlobalSection
EndGlobal
